{
	"name": "@device.farm/silicon",
	"version": "2.0.4",
	"lockfileVersion": 1,
	"requires": true,
	"dependencies": {
		"@device.farm/appglue": {
			"version": "1.0.10",
			"resolved": "https://registry.npmjs.org/@device.farm/appglue/-/appglue-1.0.10.tgz",
			"integrity": "sha512-NByshi2loZLrmIqX/+POjD1ZrV48ycSY9sXDvi7FSDdmbFilQcxovI3LSb1bppYnQDg/c2aVmw1VZTaRemLNXA=="
		},
		"bluebird": {
			"version": "3.5.5",
			"resolved": "https://registry.npmjs.org/bluebird/-/bluebird-3.5.5.tgz",
			"integrity": "sha512-5am6HnnfN+urzt4yfg7IgTbotDjIT/u8AJpEt0sIU9FtXfVeezXAPKswrG+xKUCOYAINpSdgZVDU6QFh+cuH3w=="
		},
		"commander": {
			"version": "2.12.2",
			"resolved": "https://registry.npmjs.org/commander/-/commander-2.12.2.tgz",
			"integrity": "sha512-BFnaq5ZOGcDN7FlrtBT4xxkgIToalIIxwjxLWVJ8bGTpe1LroqMiqQXdA7ygc7CRvaYS+9zfPGFnJqFSayx+AA=="
		},
		"sax": {
			"version": "1.2.4",
			"resolved": "https://registry.npmjs.org/sax/-/sax-1.2.4.tgz",
			"integrity": "sha512-NqVDv9TpANUjFm0N8uM5GxL36UgKi9/atZw+x7YFnQ8ckwFGKrl4xX4yWtrey3UJm5nP1kUbnYgLopqWNSRhWw=="
		},
		"telnet-client": {
			"version": "0.15.5",
			"resolved": "https://registry.npmjs.org/telnet-client/-/telnet-client-0.15.5.tgz",
			"integrity": "sha512-Fsnfq5kL/eHmB20UqkbKKyrWHzX0JVbvt1OzFDGVlLeJy2aqtMYSQYTKIglj/ak6OeAl0prieh5SM/rG76Ytzg==",
			"requires": {
				"bluebird": "3.5.x"
			}
		},
		"xml2js": {
			"version": "0.4.19",
			"resolved": "https://registry.npmjs.org/xml2js/-/xml2js-0.4.19.tgz",
			"integrity": "sha512-esZnJZJOiJR9wWKMyuvSE1y6Dq5LCuJanqhxslH2bxM6duahNZ+HMpCLhBQGZkbX6xRf8x1Y2eJlgt2q3qo49Q==",
			"requires": {
				"sax": ">=0.6.0",
				"xmlbuilder": "~9.0.1"
			}
		},
		"xmlbuilder": {
			"version": "9.0.7",
			"resolved": "https://registry.npmjs.org/xmlbuilder/-/xmlbuilder-9.0.7.tgz",
			"integrity": "sha1-Ey7mPS7FVlxVfiD0wi35rKaGsQ0="
		}
	}
}
